
Microsoft Visual Studio Solution File, Format Version 12.00
# Visual Studio 2012
Project("{FAE04EC0-301F-11D3-BF4B-00C04F79EFBC}") = "TestWeb", "TestWeb\TestWeb.csproj", "{571F6F8D-15DC-4761-A51D-DD4166BADCEA}"
EndProject
Global
	GlobalSection(SolutionConfigurationPlatforms) = preSolution
		Debug|Any CPU = Debug|Any CPU
		Release|Any CPU = Release|Any CPU
	EndGlobalSection
	GlobalSection(ProjectConfigurationPlatforms) = postSolution
		{571F6F8D-15DC-4761-A51D-DD4166BADCEA}.Debug|Any CPU.ActiveCfg = Debug|Any CPU
		{571F6F8D-15DC-4761-A51D-DD4166BADCEA}.Debug|Any CPU.Build.0 = Debug|Any CPU
		{571F6F8D-15DC-4761-A51D-DD4166BADCEA}.Release|Any CPU.ActiveCfg = Release|Any CPU
		{571F6F8D-15DC-4761-A51D-DD4166BADCEA}.Release|Any CPU.Build.0 = Release|Any CPU
	EndGlobalSection
	GlobalSection(SolutionProperties) = preSolution
		HideSolutionNode = FALSE
	EndGlobalSection
EndGlobal
